
Microsoft Visual Studio Solution File, Format Version 12.00
# Visual Studio Version 17
VisualStudioVersion = 17.12.35707.178
MinimumVisualStudioVersion = 10.0.40219.1
Project("{FAE04EC0-301F-11D3-BF4B-00C04F79EFBC}") = "CSharp_01_Operators", "CSharp_Operators\CSharp_01_Operators.csproj", "{ED89A4AD-1C9C-4707-AFAA-89651630901C}"
EndProject
Project("{FAE04EC0-301F-11D3-BF4B-00C04F79EFBC}") = "CSharp_03_SwitchCase", "CSharp_SwitchCase\CSharp_03_SwitchCase.csproj", "{4685DC3E-340E-497B-8333-24431C0AA200}"
EndProject
Project("{FAE04EC0-301F-11D3-BF4B-00C04F79EFBC}") = "CSharp_02_Conditionals", "CSharp_Conditionals\CSharp_02_Conditionals.csproj", "{0BD10F01-863C-453E-822A-9F2E07E78E6E}"
EndProject
Project("{FAE04EC0-301F-11D3-BF4B-00C04F79EFBC}") = "CSharp_04_Loops", "CSharp_Loops\CSharp_04_Loops.csproj", "{08D87DE2-E1B0-48AE-8770-4DAFA9566FE4}"
EndProject
Project("{FAE04EC0-301F-11D3-BF4B-00C04F79EFBC}") = "CSharp_05_ControlStatements", "CSharp_ControlStatements\CSharp_05_ControlStatements.csproj", "{0BA365DC-741C-4D71-BE74-3EEAA7C5034A}"
EndProject
Project("{FAE04EC0-301F-11D3-BF4B-00C04F79EFBC}") = "CSharp_06_Arrays", "CSharp_Arrays\CSharp_06_Arrays.csproj", "{7F91A4EF-EB2C-4291-9A5D-54800D87DDAC}"
EndProject
Project("{FAE04EC0-301F-11D3-BF4B-00C04F79EFBC}") = "CSharp_07_ArrayClass", "CSharp_07_ArrayClass\CSharp_07_ArrayClass.csproj", "{FB314BF9-CA5E-4DDC-9EBD-448CAA5039F1}"
EndProject
Project("{FAE04EC0-301F-11D3-BF4B-00C04F79EFBC}") = "CSharp_08_ForEach", "CSharp_08_ForEach\CSharp_08_ForEach.csproj", "{400B0362-D94B-446C-8B96-161DF9FC4A18}"
EndProject
Project("{FAE04EC0-301F-11D3-BF4B-00C04F79EFBC}") = "CSharp_09_TryCatch", "CSharp_09_TryCatch\CSharp_09_TryCatch.csproj", "{A00FF183-C41E-4608-84B1-91A4784431B0}"
EndProject
Project("{FAE04EC0-301F-11D3-BF4B-00C04F79EFBC}") = "CSharp_10_Classes", "CSharp_10_Classes\CSharp_10_Classes.csproj", "{7DD12D46-2D18-4F0F-AC66-7B21ADE7BBD4}"
EndProject
Project("{FAE04EC0-301F-11D3-BF4B-00C04F79EFBC}") = "CSharp_11_Methods", "CSharp_11_Methods\CSharp_11_Methods.csproj", "{97466864-A992-4AB0-8239-3927F8C593E9}"
EndProject
Project("{FAE04EC0-301F-11D3-BF4B-00C04F79EFBC}") = "CSharp_12_Object", "CSharp_12_Object\CSharp_12_Object.csproj", "{018A2B8C-0747-4511-BE72-941D35E4F286}"
EndProject
Project("{FAE04EC0-301F-11D3-BF4B-00C04F79EFBC}") = "CSharp_13_AccessMethodsThroughObjects", "CSharp_13_AccessMethodsThroughObjects\CSharp_13_AccessMethodsThroughObjects.csproj", "{05CA8B4D-FD78-44EB-AD7A-76E1F68140F2}"
EndProject
Project("{FAE04EC0-301F-11D3-BF4B-00C04F79EFBC}") = "CSharp_14_MethodOverload", "CSharp_14_MethodOverload\CSharp_14_MethodOverload.csproj", "{0D8732C3-0D88-465A-9654-A6DE1A85FEAC}"
EndProject
Project("{FAE04EC0-301F-11D3-BF4B-00C04F79EFBC}") = "CSharp_15_Classes2", "CSharp_15_Classes2\CSharp_15_Classes2.csproj", "{9EE5A699-167C-4BD7-8049-60872BF30BFB}"
EndProject
Project("{FAE04EC0-301F-11D3-BF4B-00C04F79EFBC}") = "CSharp_16_Constructor", "CSharp_16_Constructor\CSharp_16_Constructor.csproj", "{46F23773-95E0-4541-9A0F-BF015B82D3A0}"
EndProject
Project("{FAE04EC0-301F-11D3-BF4B-00C04F79EFBC}") = "CSharp_17_Destructor-GarbageCollector", "CSharp_17_Destructor-GarbageCollector\CSharp_17_Destructor-GarbageCollector.csproj", "{8F43B485-1B17-48AA-A52F-E8A538D3138B}"
EndProject
Global
	GlobalSection(SolutionConfigurationPlatforms) = preSolution
		Debug|Any CPU = Debug|Any CPU
		Release|Any CPU = Release|Any CPU
	EndGlobalSection
	GlobalSection(ProjectConfigurationPlatforms) = postSolution
		{ED89A4AD-1C9C-4707-AFAA-89651630901C}.Debug|Any CPU.ActiveCfg = Debug|Any CPU
		{ED89A4AD-1C9C-4707-AFAA-89651630901C}.Debug|Any CPU.Build.0 = Debug|Any CPU
		{ED89A4AD-1C9C-4707-AFAA-89651630901C}.Release|Any CPU.ActiveCfg = Release|Any CPU
		{ED89A4AD-1C9C-4707-AFAA-89651630901C}.Release|Any CPU.Build.0 = Release|Any CPU
		{4685DC3E-340E-497B-8333-24431C0AA200}.Debug|Any CPU.ActiveCfg = Debug|Any CPU
		{4685DC3E-340E-497B-8333-24431C0AA200}.Debug|Any CPU.Build.0 = Debug|Any CPU
		{4685DC3E-340E-497B-8333-24431C0AA200}.Release|Any CPU.ActiveCfg = Release|Any CPU
		{4685DC3E-340E-497B-8333-24431C0AA200}.Release|Any CPU.Build.0 = Release|Any CPU
		{0BD10F01-863C-453E-822A-9F2E07E78E6E}.Debug|Any CPU.ActiveCfg = Debug|Any CPU
		{0BD10F01-863C-453E-822A-9F2E07E78E6E}.Debug|Any CPU.Build.0 = Debug|Any CPU
		{0BD10F01-863C-453E-822A-9F2E07E78E6E}.Release|Any CPU.ActiveCfg = Release|Any CPU
		{0BD10F01-863C-453E-822A-9F2E07E78E6E}.Release|Any CPU.Build.0 = Release|Any CPU
		{08D87DE2-E1B0-48AE-8770-4DAFA9566FE4}.Debug|Any CPU.ActiveCfg = Debug|Any CPU
		{08D87DE2-E1B0-48AE-8770-4DAFA9566FE4}.Debug|Any CPU.Build.0 = Debug|Any CPU
		{08D87DE2-E1B0-48AE-8770-4DAFA9566FE4}.Release|Any CPU.ActiveCfg = Release|Any CPU
		{08D87DE2-E1B0-48AE-8770-4DAFA9566FE4}.Release|Any CPU.Build.0 = Release|Any CPU
		{0BA365DC-741C-4D71-BE74-3EEAA7C5034A}.Debug|Any CPU.ActiveCfg = Debug|Any CPU
		{0BA365DC-741C-4D71-BE74-3EEAA7C5034A}.Debug|Any CPU.Build.0 = Debug|Any CPU
		{0BA365DC-741C-4D71-BE74-3EEAA7C5034A}.Release|Any CPU.ActiveCfg = Release|Any CPU
		{0BA365DC-741C-4D71-BE74-3EEAA7C5034A}.Release|Any CPU.Build.0 = Release|Any CPU
		{7F91A4EF-EB2C-4291-9A5D-54800D87DDAC}.Debug|Any CPU.ActiveCfg = Debug|Any CPU
		{7F91A4EF-EB2C-4291-9A5D-54800D87DDAC}.Debug|Any CPU.Build.0 = Debug|Any CPU
		{7F91A4EF-EB2C-4291-9A5D-54800D87DDAC}.Release|Any CPU.ActiveCfg = Release|Any CPU
		{7F91A4EF-EB2C-4291-9A5D-54800D87DDAC}.Release|Any CPU.Build.0 = Release|Any CPU
		{FB314BF9-CA5E-4DDC-9EBD-448CAA5039F1}.Debug|Any CPU.ActiveCfg = Debug|Any CPU
		{FB314BF9-CA5E-4DDC-9EBD-448CAA5039F1}.Debug|Any CPU.Build.0 = Debug|Any CPU
		{FB314BF9-CA5E-4DDC-9EBD-448CAA5039F1}.Release|Any CPU.ActiveCfg = Release|Any CPU
		{FB314BF9-CA5E-4DDC-9EBD-448CAA5039F1}.Release|Any CPU.Build.0 = Release|Any CPU
		{400B0362-D94B-446C-8B96-161DF9FC4A18}.Debug|Any CPU.ActiveCfg = Debug|Any CPU
		{400B0362-D94B-446C-8B96-161DF9FC4A18}.Debug|Any CPU.Build.0 = Debug|Any CPU
		{400B0362-D94B-446C-8B96-161DF9FC4A18}.Release|Any CPU.ActiveCfg = Release|Any CPU
		{400B0362-D94B-446C-8B96-161DF9FC4A18}.Release|Any CPU.Build.0 = Release|Any CPU
		{A00FF183-C41E-4608-84B1-91A4784431B0}.Debug|Any CPU.ActiveCfg = Debug|Any CPU
		{A00FF183-C41E-4608-84B1-91A4784431B0}.Debug|Any CPU.Build.0 = Debug|Any CPU
		{A00FF183-C41E-4608-84B1-91A4784431B0}.Release|Any CPU.ActiveCfg = Release|Any CPU
		{A00FF183-C41E-4608-84B1-91A4784431B0}.Release|Any CPU.Build.0 = Release|Any CPU
		{7DD12D46-2D18-4F0F-AC66-7B21ADE7BBD4}.Debug|Any CPU.ActiveCfg = Debug|Any CPU
		{7DD12D46-2D18-4F0F-AC66-7B21ADE7BBD4}.Debug|Any CPU.Build.0 = Debug|Any CPU
		{7DD12D46-2D18-4F0F-AC66-7B21ADE7BBD4}.Release|Any CPU.ActiveCfg = Release|Any CPU
		{7DD12D46-2D18-4F0F-AC66-7B21ADE7BBD4}.Release|Any CPU.Build.0 = Release|Any CPU
		{97466864-A992-4AB0-8239-3927F8C593E9}.Debug|Any CPU.ActiveCfg = Debug|Any CPU
		{97466864-A992-4AB0-8239-3927F8C593E9}.Debug|Any CPU.Build.0 = Debug|Any CPU
		{97466864-A992-4AB0-8239-3927F8C593E9}.Release|Any CPU.ActiveCfg = Release|Any CPU
		{97466864-A992-4AB0-8239-3927F8C593E9}.Release|Any CPU.Build.0 = Release|Any CPU
		{018A2B8C-0747-4511-BE72-941D35E4F286}.Debug|Any CPU.ActiveCfg = Debug|Any CPU
		{018A2B8C-0747-4511-BE72-941D35E4F286}.Debug|Any CPU.Build.0 = Debug|Any CPU
		{018A2B8C-0747-4511-BE72-941D35E4F286}.Release|Any CPU.ActiveCfg = Release|Any CPU
		{018A2B8C-0747-4511-BE72-941D35E4F286}.Release|Any CPU.Build.0 = Release|Any CPU
		{05CA8B4D-FD78-44EB-AD7A-76E1F68140F2}.Debug|Any CPU.ActiveCfg = Debug|Any CPU
		{05CA8B4D-FD78-44EB-AD7A-76E1F68140F2}.Debug|Any CPU.Build.0 = Debug|Any CPU
		{05CA8B4D-FD78-44EB-AD7A-76E1F68140F2}.Release|Any CPU.ActiveCfg = Release|Any CPU
		{05CA8B4D-FD78-44EB-AD7A-76E1F68140F2}.Release|Any CPU.Build.0 = Release|Any CPU
		{0D8732C3-0D88-465A-9654-A6DE1A85FEAC}.Debug|Any CPU.ActiveCfg = Debug|Any CPU
		{0D8732C3-0D88-465A-9654-A6DE1A85FEAC}.Debug|Any CPU.Build.0 = Debug|Any CPU
		{0D8732C3-0D88-465A-9654-A6DE1A85FEAC}.Release|Any CPU.ActiveCfg = Release|Any CPU
		{0D8732C3-0D88-465A-9654-A6DE1A85FEAC}.Release|Any CPU.Build.0 = Release|Any CPU
		{9EE5A699-167C-4BD7-8049-60872BF30BFB}.Debug|Any CPU.ActiveCfg = Debug|Any CPU
		{9EE5A699-167C-4BD7-8049-60872BF30BFB}.Debug|Any CPU.Build.0 = Debug|Any CPU
		{9EE5A699-167C-4BD7-8049-60872BF30BFB}.Release|Any CPU.ActiveCfg = Release|Any CPU
		{9EE5A699-167C-4BD7-8049-60872BF30BFB}.Release|Any CPU.Build.0 = Release|Any CPU
		{46F23773-95E0-4541-9A0F-BF015B82D3A0}.Debug|Any CPU.ActiveCfg = Debug|Any CPU
		{46F23773-95E0-4541-9A0F-BF015B82D3A0}.Debug|Any CPU.Build.0 = Debug|Any CPU
		{46F23773-95E0-4541-9A0F-BF015B82D3A0}.Release|Any CPU.ActiveCfg = Release|Any CPU
		{46F23773-95E0-4541-9A0F-BF015B82D3A0}.Release|Any CPU.Build.0 = Release|Any CPU
		{8F43B485-1B17-48AA-A52F-E8A538D3138B}.Debug|Any CPU.ActiveCfg = Debug|Any CPU
		{8F43B485-1B17-48AA-A52F-E8A538D3138B}.Debug|Any CPU.Build.0 = Debug|Any CPU
		{8F43B485-1B17-48AA-A52F-E8A538D3138B}.Release|Any CPU.ActiveCfg = Release|Any CPU
		{8F43B485-1B17-48AA-A52F-E8A538D3138B}.Release|Any CPU.Build.0 = Release|Any CPU
	EndGlobalSection
	GlobalSection(SolutionProperties) = preSolution
		HideSolutionNode = FALSE
	EndGlobalSection
EndGlobal
